
Microsoft Visual Studio Solution File, Format Version 12.00
# Visual Studio Version 16
VisualStudioVersion = 16.0.32929.386
MinimumVisualStudioVersion = 10.0.40219.1
Project("{FAE04EC0-301F-11D3-BF4B-00C04F79EFBC}") = "DotNetCoreChallenges", "DotNetCoreChallenges\DotNetCoreChallenges.csproj", "{104AB666-902F-4B71-8AB7-C106FFD87751}"
EndProject
Global
	GlobalSection(SolutionConfigurationPlatforms) = preSolution
		Debug|Any CPU = Debug|Any CPU
		Release|Any CPU = Release|Any CPU
	EndGlobalSection
	GlobalSection(ProjectConfigurationPlatforms) = postSolution
		{104AB666-902F-4B71-8AB7-C106FFD87751}.Debug|Any CPU.ActiveCfg = Debug|Any CPU
		{104AB666-902F-4B71-8AB7-C106FFD87751}.Debug|Any CPU.Build.0 = Debug|Any CPU
		{104AB666-902F-4B71-8AB7-C106FFD87751}.Release|Any CPU.ActiveCfg = Release|Any CPU
		{104AB666-902F-4B71-8AB7-C106FFD87751}.Release|Any CPU.Build.0 = Release|Any CPU
	EndGlobalSection
	GlobalSection(SolutionProperties) = preSolution
		HideSolutionNode = FALSE
	EndGlobalSection
	GlobalSection(ExtensibilityGlobals) = postSolution
		SolutionGuid = {D10CEB1F-1744-466C-8F13-9BBA7F87B8B0}
	EndGlobalSection
EndGlobal
