
Microsoft Visual Studio Solution File, Format Version 12.00
# Visual Studio Version 16
VisualStudioVersion = 16.0.32901.82
MinimumVisualStudioVersion = 10.0.40219.1
Project("{FAE04EC0-301F-11D3-BF4B-00C04F79EFBC}") = "ExceptionHandlingConsoleApp", "ExceptionHandlingConsoleApp\ExceptionHandlingConsoleApp.csproj", "{77394DAB-FC6A-497A-BD2B-A0AC60A02E14}"
EndProject
Global
	GlobalSection(SolutionConfigurationPlatforms) = preSolution
		Debug|Any CPU = Debug|Any CPU
		Release|Any CPU = Release|Any CPU
	EndGlobalSection
	GlobalSection(ProjectConfigurationPlatforms) = postSolution
		{77394DAB-FC6A-497A-BD2B-A0AC60A02E14}.Debug|Any CPU.ActiveCfg = Debug|Any CPU
		{77394DAB-FC6A-497A-BD2B-A0AC60A02E14}.Debug|Any CPU.Build.0 = Debug|Any CPU
		{77394DAB-FC6A-497A-BD2B-A0AC60A02E14}.Release|Any CPU.ActiveCfg = Release|Any CPU
		{77394DAB-FC6A-497A-BD2B-A0AC60A02E14}.Release|Any CPU.Build.0 = Release|Any CPU
	EndGlobalSection
	GlobalSection(SolutionProperties) = preSolution
		HideSolutionNode = FALSE
	EndGlobalSection
	GlobalSection(ExtensibilityGlobals) = postSolution
		SolutionGuid = {F6CAA26D-0307-464D-94C5-798078867277}
	EndGlobalSection
EndGlobal
