
Microsoft Visual Studio Solution File, Format Version 12.00
# Visual Studio Version 16
VisualStudioVersion = 16.0.32901.82
MinimumVisualStudioVersion = 10.0.40219.1
Project("{FAE04EC0-301F-11D3-BF4B-00C04F79EFBC}") = "CreditApplication", "CreditApplication\CreditApplication.csproj", "{A992C558-F3DA-477B-B5A3-434F05A8B0A1}"
EndProject
Global
	GlobalSection(SolutionConfigurationPlatforms) = preSolution
		Debug|Any CPU = Debug|Any CPU
		Release|Any CPU = Release|Any CPU
	EndGlobalSection
	GlobalSection(ProjectConfigurationPlatforms) = postSolution
		{A992C558-F3DA-477B-B5A3-434F05A8B0A1}.Debug|Any CPU.ActiveCfg = Debug|Any CPU
		{A992C558-F3DA-477B-B5A3-434F05A8B0A1}.Debug|Any CPU.Build.0 = Debug|Any CPU
		{A992C558-F3DA-477B-B5A3-434F05A8B0A1}.Release|Any CPU.ActiveCfg = Release|Any CPU
		{A992C558-F3DA-477B-B5A3-434F05A8B0A1}.Release|Any CPU.Build.0 = Release|Any CPU
	EndGlobalSection
	GlobalSection(SolutionProperties) = preSolution
		HideSolutionNode = FALSE
	EndGlobalSection
	GlobalSection(ExtensibilityGlobals) = postSolution
		SolutionGuid = {586E00DC-F4B9-43FB-A2DD-2B6D44266AED}
	EndGlobalSection
EndGlobal
