
Microsoft Visual Studio Solution File, Format Version 12.00
# Visual Studio Version 16
VisualStudioVersion = 16.0.32901.82
MinimumVisualStudioVersion = 10.0.40219.1
Project("{FAE04EC0-301F-11D3-BF4B-00C04F79EFBC}") = "People", "People\People.csproj", "{F6299440-BC98-40E8-B974-9EAD33515079}"
EndProject
Global
	GlobalSection(SolutionConfigurationPlatforms) = preSolution
		Debug|Any CPU = Debug|Any CPU
		Release|Any CPU = Release|Any CPU
	EndGlobalSection
	GlobalSection(ProjectConfigurationPlatforms) = postSolution
		{F6299440-BC98-40E8-B974-9EAD33515079}.Debug|Any CPU.ActiveCfg = Debug|Any CPU
		{F6299440-BC98-40E8-B974-9EAD33515079}.Debug|Any CPU.Build.0 = Debug|Any CPU
		{F6299440-BC98-40E8-B974-9EAD33515079}.Release|Any CPU.ActiveCfg = Release|Any CPU
		{F6299440-BC98-40E8-B974-9EAD33515079}.Release|Any CPU.Build.0 = Release|Any CPU
	EndGlobalSection
	GlobalSection(SolutionProperties) = preSolution
		HideSolutionNode = FALSE
	EndGlobalSection
	GlobalSection(ExtensibilityGlobals) = postSolution
		SolutionGuid = {CC69971E-DD0F-4083-98BF-5E6B34532371}
	EndGlobalSection
EndGlobal
