
Microsoft Visual Studio Solution File, Format Version 12.00
# Visual Studio Version 16
VisualStudioVersion = 16.0.32901.82
MinimumVisualStudioVersion = 10.0.40219.1
Project("{FAE04EC0-301F-11D3-BF4B-00C04F79EFBC}") = "ConstructorChain", "ConstructorChain\ConstructorChain.csproj", "{8E1AAE72-5D09-4861-940D-9F6D892982BA}"
EndProject
Global
	GlobalSection(SolutionConfigurationPlatforms) = preSolution
		Debug|Any CPU = Debug|Any CPU
		Release|Any CPU = Release|Any CPU
	EndGlobalSection
	GlobalSection(ProjectConfigurationPlatforms) = postSolution
		{8E1AAE72-5D09-4861-940D-9F6D892982BA}.Debug|Any CPU.ActiveCfg = Debug|Any CPU
		{8E1AAE72-5D09-4861-940D-9F6D892982BA}.Debug|Any CPU.Build.0 = Debug|Any CPU
		{8E1AAE72-5D09-4861-940D-9F6D892982BA}.Release|Any CPU.ActiveCfg = Release|Any CPU
		{8E1AAE72-5D09-4861-940D-9F6D892982BA}.Release|Any CPU.Build.0 = Release|Any CPU
	EndGlobalSection
	GlobalSection(SolutionProperties) = preSolution
		HideSolutionNode = FALSE
	EndGlobalSection
	GlobalSection(ExtensibilityGlobals) = postSolution
		SolutionGuid = {867A9B98-7626-45CE-8EBB-3C5C820E0A80}
	EndGlobalSection
EndGlobal
