
Microsoft Visual Studio Solution File, Format Version 12.00
# Visual Studio Version 16
VisualStudioVersion = 16.0.32901.82
MinimumVisualStudioVersion = 10.0.40219.1
Project("{FAE04EC0-301F-11D3-BF4B-00C04F79EFBC}") = "DateTIme", "DateTIme\DateTIme.csproj", "{9A8040D1-76CF-4738-96F2-4BC27AC09949}"
EndProject
Global
	GlobalSection(SolutionConfigurationPlatforms) = preSolution
		Debug|Any CPU = Debug|Any CPU
		Release|Any CPU = Release|Any CPU
	EndGlobalSection
	GlobalSection(ProjectConfigurationPlatforms) = postSolution
		{9A8040D1-76CF-4738-96F2-4BC27AC09949}.Debug|Any CPU.ActiveCfg = Debug|Any CPU
		{9A8040D1-76CF-4738-96F2-4BC27AC09949}.Debug|Any CPU.Build.0 = Debug|Any CPU
		{9A8040D1-76CF-4738-96F2-4BC27AC09949}.Release|Any CPU.ActiveCfg = Release|Any CPU
		{9A8040D1-76CF-4738-96F2-4BC27AC09949}.Release|Any CPU.Build.0 = Release|Any CPU
	EndGlobalSection
	GlobalSection(SolutionProperties) = preSolution
		HideSolutionNode = FALSE
	EndGlobalSection
	GlobalSection(ExtensibilityGlobals) = postSolution
		SolutionGuid = {702DD6DA-6D1E-404F-8287-E0842211A8F6}
	EndGlobalSection
EndGlobal
