
Microsoft Visual Studio Solution File, Format Version 12.00
# Visual Studio Version 16
VisualStudioVersion = 16.0.32901.82
MinimumVisualStudioVersion = 10.0.40219.1
Project("{FAE04EC0-301F-11D3-BF4B-00C04F79EFBC}") = "AccountingWelcomePage2", "AccountingWelcomePage2\AccountingWelcomePage2.csproj", "{A9AD00C4-71F8-43E8-8582-93E96E6CB62C}"
EndProject
Global
	GlobalSection(SolutionConfigurationPlatforms) = preSolution
		Debug|Any CPU = Debug|Any CPU
		Release|Any CPU = Release|Any CPU
	EndGlobalSection
	GlobalSection(ProjectConfigurationPlatforms) = postSolution
		{A9AD00C4-71F8-43E8-8582-93E96E6CB62C}.Debug|Any CPU.ActiveCfg = Debug|Any CPU
		{A9AD00C4-71F8-43E8-8582-93E96E6CB62C}.Debug|Any CPU.Build.0 = Debug|Any CPU
		{A9AD00C4-71F8-43E8-8582-93E96E6CB62C}.Release|Any CPU.ActiveCfg = Release|Any CPU
		{A9AD00C4-71F8-43E8-8582-93E96E6CB62C}.Release|Any CPU.Build.0 = Release|Any CPU
	EndGlobalSection
	GlobalSection(SolutionProperties) = preSolution
		HideSolutionNode = FALSE
	EndGlobalSection
	GlobalSection(ExtensibilityGlobals) = postSolution
		SolutionGuid = {742B3392-F0C7-471A-86E3-58E2941C1245}
	EndGlobalSection
EndGlobal
